<?xml version="1.0" encoding="UTF-8" standalone="yes" ?>
<CodeBlocks_project_file>
	<FileVersion major="1" minor="6" />
	<Project>
		<Option title="11_175_Linked_List" />
		<Option pch_mode="2" />
		<Option compiler="gcc" />
		<Build>
			<Target title="Debug">
				<Option output="bin/Debug/11_175_Linked_List" prefix_auto="1" extension_auto="1" />
				<Option object_output="obj/Debug/" />
				<Option type="1" />
				<Option compiler="gcc" />
				<Compiler>
					<Add option="-g" />
				</Compiler>
			</Target>
			<Target title="Release">
				<Option output="bin/Release/11_175_Linked_List" prefix_auto="1" extension_auto="1" />
				<Option object_output="obj/Release/" />
				<Option type="1" />
				<Option compiler="gcc" />
				<Compiler>
					<Add option="-O2" />
				</Compiler>
				<Linker>
					<Add option="-s" />
				</Linker>
			</Target>
		</Build>
		<Compiler>
			<Add option="-Wall" />
		</Compiler>
		<Unit filename="177_Recursive_Display.c">
			<Option compilerVar="CC" />
		</Unit>
		<Unit filename="180_Count_and_Sum.c">
			<Option compilerVar="CC" />
		</Unit>
		<Unit filename="182_Get_Max.c">
			<Option compilerVar="CC" />
		</Unit>
		<Unit filename="185_Search.c">
			<Option compilerVar="CC" />
		</Unit>
		<Unit filename="187_Insert.c">
			<Option compilerVar="CC" />
		</Unit>
		<Unit filename="193_Delete.c">
			<Option compilerVar="CC" />
		</Unit>
		<Unit filename="201_Reverse_Linked_List.c">
			<Option compilerVar="CC" />
		</Unit>
		<Unit filename="206_Check_Loop.c">
			<Option compilerVar="CC" />
		</Unit>
		<Unit filename="Merge_Concatenate.c">
			<Option compilerVar="CC" />
		</Unit>
		<Unit filename="main.c">
			<Option compilerVar="CC" />
		</Unit>
		<Extensions>
			<lib_finder disable_auto="1" />
		</Extensions>
	</Project>
</CodeBlocks_project_file>
